
Microsoft Visual Studio Solution File, Format Version 12.00
# Visual Studio Version 17
VisualStudioVersion = 17.3.32901.215
MinimumVisualStudioVersion = 10.0.40219.1
Project("{FAE04EC0-301F-11D3-BF4B-00C04F79EFBC}") = "Calculator", "Calculator.csproj", "{454AF9E7-CBA2-463E-B190-97C8742FBF1F}"
EndProject
Global
	GlobalSection(SolutionConfigurationPlatforms) = preSolution
		Debug|Any CPU = Debug|Any CPU
		Release|Any CPU = Release|Any CPU
	EndGlobalSection
	GlobalSection(ProjectConfigurationPlatforms) = postSolution
		{454AF9E7-CBA2-463E-B190-97C8742FBF1F}.Debug|Any CPU.ActiveCfg = Debug|Any CPU
		{454AF9E7-CBA2-463E-B190-97C8742FBF1F}.Debug|Any CPU.Build.0 = Debug|Any CPU
		{454AF9E7-CBA2-463E-B190-97C8742FBF1F}.Release|Any CPU.ActiveCfg = Release|Any CPU
		{454AF9E7-CBA2-463E-B190-97C8742FBF1F}.Release|Any CPU.Build.0 = Release|Any CPU
	EndGlobalSection
	GlobalSection(SolutionProperties) = preSolution
		HideSolutionNode = FALSE
	EndGlobalSection
	GlobalSection(ExtensibilityGlobals) = postSolution
		SolutionGuid = {1B3C95F3-3A7A-4674-BB1E-7F7D10BE3B83}
	EndGlobalSection
EndGlobal
